{
  "nodes": {
    "network-compiler": {
      "inputs": {
        "network-labs": [
          "network-control-plane-model",
          "network-labs"
        ],
        "nixpkgs": [
          "network-control-plane-model",
          "network-forwarding-model",
          "nixpkgs"
        ],
        "nixpkgs-network": "nixpkgs-network"
      },
      "locked": {
        "lastModified": 1782380496,
        "narHash": "sha256-LQqErD1jt2oZD7aJXY8ON44rJPzjOWt7CH5pb+44b6k=",
        "owner": "esp0xdeadbeef",
        "repo": "network-compiler",
        "rev": "56df73ff43f8fda72161e34f6dee016f67c59d8d",
        "type": "github"
      },
      "original": {
        "owner": "esp0xdeadbeef",
        "repo": "network-compiler",
        "type": "github"
      }
    },
    "network-control-plane-model": {
      "inputs": {
        "network-forwarding-model": "network-forwarding-model",
        "network-labs": "network-labs",
        "nixpkgs": [
          "nixpkgs"
        ],
        "nixpkgs-network": "nixpkgs-network_3"
      },
      "locked": {
        "lastModified": 1782380575,
        "narHash": "sha256-NyijE5B9p16IdFiwkWwg/9f8a8wGj5H7JjO4ByZGaaM=",
        "owner": "esp0xdeadbeef",
        "repo": "network-control-plane-model",
        "rev": "d58908b1a3f2743586f7f8e6ef59b5390394fa4f",
        "type": "github"
      },
      "original": {
        "owner": "esp0xdeadbeef",
        "repo": "network-control-plane-model",
        "type": "github"
      }
    },
    "network-forwarding-model": {
      "inputs": {
        "network-compiler": "network-compiler",
        "network-labs": [
          "network-control-plane-model",
          "network-labs"
        ],
        "nixpkgs": [
          "network-control-plane-model",
          "nixpkgs"
        ],
        "nixpkgs-network": "nixpkgs-network_2"
      },
      "locked": {
        "lastModified": 1782380535,
        "narHash": "sha256-G1BKk+WRr4l2ypG03FMuV+D6M+V5a6lCnlgpLpEDiJk=",
        "owner": "esp0xdeadbeef",
        "repo": "network-forwarding-model",
        "rev": "b348bd70692dad56a00c929ea4e1b522ad0b28bb",
        "type": "github"
      },
      "original": {
        "owner": "esp0xdeadbeef",
        "ref": "main",
        "repo": "network-forwarding-model",
        "type": "github"
      }
    },
    "network-labs": {
      "locked": {
        "lastModified": 1782380390,
        "narHash": "sha256-AYYioeW291TAzkl6k8KxpfFX3gShRaHW3xKqU8EOkrg=",
        "owner": "esp0xdeadbeef",
        "repo": "network-labs",
        "rev": "8855ec1b1a5387f1cc2a0a2f6d95663b788bc5eb",
        "type": "github"
      },
      "original": {
        "owner": "esp0xdeadbeef",
        "ref": "main",
        "repo": "network-labs",
        "type": "github"
      }
    },
    "nixpkgs": {
      "locked": {
        "lastModified": 1781577229,
        "narHash": "sha256-lrp67w8AulE9Ks53n27I45ADSzbOCn4H+CNW1Ck8B+8=",
        "owner": "NixOS",
        "repo": "nixpkgs",
        "rev": "567a49d1913ce81ac6e9582e3553dd90a955875f",
        "type": "github"
      },
      "original": {
        "owner": "NixOS",
        "ref": "nixos-unstable",
        "repo": "nixpkgs",
        "type": "github"
      }
    },
    "nixpkgs-network": {
      "locked": {
        "lastModified": 1722112448,
        "narHash": "sha256-Ugp/K1wA7N0u0xE27YP/fvFaZqK9dYKSjJ/OoTdQ7rc=",
        "owner": "NixOS",
        "repo": "nixpkgs",
        "rev": "ac56c456ebe4901c561d3ebf1c98fbd970aea753",
        "type": "github"
      },
      "original": {
        "owner": "NixOS",
        "repo": "nixpkgs",
        "rev": "ac56c456ebe4901c561d3ebf1c98fbd970aea753",
        "type": "github"
      }
    },
    "nixpkgs-network_2": {
      "locked": {
        "lastModified": 1722112448,
        "narHash": "sha256-Ugp/K1wA7N0u0xE27YP/fvFaZqK9dYKSjJ/OoTdQ7rc=",
        "owner": "NixOS",
        "repo": "nixpkgs",
        "rev": "ac56c456ebe4901c561d3ebf1c98fbd970aea753",
        "type": "github"
      },
      "original": {
        "owner": "NixOS",
        "repo": "nixpkgs",
        "rev": "ac56c456ebe4901c561d3ebf1c98fbd970aea753",
        "type": "github"
      }
    },
    "nixpkgs-network_3": {
      "locked": {
        "lastModified": 1722112448,
        "narHash": "sha256-Ugp/K1wA7N0u0xE27YP/fvFaZqK9dYKSjJ/OoTdQ7rc=",
        "owner": "NixOS",
        "repo": "nixpkgs",
        "rev": "ac56c456ebe4901c561d3ebf1c98fbd970aea753",
        "type": "github"
      },
      "original": {
        "owner": "NixOS",
        "repo": "nixpkgs",
        "rev": "ac56c456ebe4901c561d3ebf1c98fbd970aea753",
        "type": "github"
      }
    },
    "root": {
      "inputs": {
        "network-control-plane-model": "network-control-plane-model",
        "nixpkgs": "nixpkgs"
      }
    }
  },
  "root": "root",
  "version": 7
}
