{
  "nodes": {
    "network-compiler": {
      "inputs": {
        "network-labs": [
          "network-control-plane-model",
          "network-labs"
        ],
        "nixpkgs": [
          "network-control-plane-model",
          "network-forwarding-model",
          "nixpkgs"
        ],
        "nixpkgs-network": "nixpkgs-network"
      },
      "locked": {
        "lastModified": 1782382787,
        "narHash": "sha256-5rR10lhF8rLxV7YZQi655gWT9NVe4Vy08OIWFmBK0Rk=",
        "owner": "esp0xdeadbeef",
        "repo": "network-compiler",
        "rev": "ff7ca069f99295a3b21f8e8c2fba2e2c9ebd2b7a",
        "type": "github"
      },
      "original": {
        "owner": "esp0xdeadbeef",
        "repo": "network-compiler",
        "type": "github"
      }
    },
    "network-control-plane-model": {
      "inputs": {
        "network-forwarding-model": "network-forwarding-model",
        "network-labs": "network-labs",
        "nixpkgs": [
          "nixpkgs"
        ],
        "nixpkgs-network": "nixpkgs-network_3"
      },
      "locked": {
        "lastModified": 1782382921,
        "narHash": "sha256-AKXITSu71sHZbr+75ltYnZchdahXRenfdZtAzn1U30w=",
        "owner": "esp0xdeadbeef",
        "repo": "network-control-plane-model",
        "rev": "ba88dbcc5dd6bacedd0a02d1e8c1569d696c28a7",
        "type": "github"
      },
      "original": {
        "owner": "esp0xdeadbeef",
        "repo": "network-control-plane-model",
        "type": "github"
      }
    },
    "network-forwarding-model": {
      "inputs": {
        "network-compiler": "network-compiler",
        "network-labs": [
          "network-control-plane-model",
          "network-labs"
        ],
        "nixpkgs": [
          "network-control-plane-model",
          "nixpkgs"
        ],
        "nixpkgs-network": "nixpkgs-network_2"
      },
      "locked": {
        "lastModified": 1782382819,
        "narHash": "sha256-Nzc3J4nGE9UAuF/KapgLFKJeHj0KhOz8qdN6gjjIB7w=",
        "owner": "esp0xdeadbeef",
        "repo": "network-forwarding-model",
        "rev": "f904637d8dfb6c3b359ad8d5a4ee180ae546659a",
        "type": "github"
      },
      "original": {
        "owner": "esp0xdeadbeef",
        "ref": "main",
        "repo": "network-forwarding-model",
        "type": "github"
      }
    },
    "network-labs": {
      "locked": {
        "lastModified": 1782382738,
        "narHash": "sha256-J4oCaXEUCVVt9xUJ83oilAGccRT+ZJoNaJtENZQ/0A8=",
        "owner": "esp0xdeadbeef",
        "repo": "network-labs",
        "rev": "773c799847cba4a214d0368901965279db4ac6e1",
        "type": "github"
      },
      "original": {
        "owner": "esp0xdeadbeef",
        "ref": "main",
        "repo": "network-labs",
        "type": "github"
      }
    },
    "nixpkgs": {
      "locked": {
        "lastModified": 1781577229,
        "narHash": "sha256-lrp67w8AulE9Ks53n27I45ADSzbOCn4H+CNW1Ck8B+8=",
        "owner": "NixOS",
        "repo": "nixpkgs",
        "rev": "567a49d1913ce81ac6e9582e3553dd90a955875f",
        "type": "github"
      },
      "original": {
        "owner": "NixOS",
        "ref": "nixos-unstable",
        "repo": "nixpkgs",
        "type": "github"
      }
    },
    "nixpkgs-network": {
      "locked": {
        "lastModified": 1722112448,
        "narHash": "sha256-Ugp/K1wA7N0u0xE27YP/fvFaZqK9dYKSjJ/OoTdQ7rc=",
        "owner": "NixOS",
        "repo": "nixpkgs",
        "rev": "ac56c456ebe4901c561d3ebf1c98fbd970aea753",
        "type": "github"
      },
      "original": {
        "owner": "NixOS",
        "repo": "nixpkgs",
        "rev": "ac56c456ebe4901c561d3ebf1c98fbd970aea753",
        "type": "github"
      }
    },
    "nixpkgs-network_2": {
      "locked": {
        "lastModified": 1722112448,
        "narHash": "sha256-Ugp/K1wA7N0u0xE27YP/fvFaZqK9dYKSjJ/OoTdQ7rc=",
        "owner": "NixOS",
        "repo": "nixpkgs",
        "rev": "ac56c456ebe4901c561d3ebf1c98fbd970aea753",
        "type": "github"
      },
      "original": {
        "owner": "NixOS",
        "repo": "nixpkgs",
        "rev": "ac56c456ebe4901c561d3ebf1c98fbd970aea753",
        "type": "github"
      }
    },
    "nixpkgs-network_3": {
      "locked": {
        "lastModified": 1722112448,
        "narHash": "sha256-Ugp/K1wA7N0u0xE27YP/fvFaZqK9dYKSjJ/OoTdQ7rc=",
        "owner": "NixOS",
        "repo": "nixpkgs",
        "rev": "ac56c456ebe4901c561d3ebf1c98fbd970aea753",
        "type": "github"
      },
      "original": {
        "owner": "NixOS",
        "repo": "nixpkgs",
        "rev": "ac56c456ebe4901c561d3ebf1c98fbd970aea753",
        "type": "github"
      }
    },
    "root": {
      "inputs": {
        "network-control-plane-model": "network-control-plane-model",
        "nixpkgs": "nixpkgs"
      }
    }
  },
  "root": "root",
  "version": 7
}
