{
  "nodes": {
    "network-compiler": {
      "inputs": {
        "network-labs": [
          "network-control-plane-model",
          "network-labs"
        ],
        "nixpkgs": [
          "network-control-plane-model",
          "network-forwarding-model",
          "nixpkgs"
        ],
        "nixpkgs-network": "nixpkgs-network"
      },
      "locked": {
        "lastModified": 1782918401,
        "narHash": "sha256-FgjghH7b6YTgj2cWiNUFP4th26s8fOeHXW21dgfomdo=",
        "owner": "esp0xdeadbeef",
        "repo": "network-compiler",
        "rev": "b908e4951da3c3d5ef3842853bb8e95d8918bf93",
        "type": "github"
      },
      "original": {
        "owner": "esp0xdeadbeef",
        "repo": "network-compiler",
        "type": "github"
      }
    },
    "network-control-plane-model": {
      "inputs": {
        "network-forwarding-model": "network-forwarding-model",
        "network-labs": "network-labs",
        "nixpkgs": [
          "nixpkgs"
        ],
        "nixpkgs-network": "nixpkgs-network_3"
      },
      "locked": {
        "lastModified": 1782918451,
        "narHash": "sha256-GPbLCHVgAtyl4tAnboFZIbwCk36sKP4AkLVFpqN1fwI=",
        "owner": "esp0xdeadbeef",
        "repo": "network-control-plane-model",
        "rev": "83e55ba56e2dd219d5363f710e7d7b2b78e26a68",
        "type": "github"
      },
      "original": {
        "owner": "esp0xdeadbeef",
        "repo": "network-control-plane-model",
        "type": "github"
      }
    },
    "network-forwarding-model": {
      "inputs": {
        "network-compiler": "network-compiler",
        "network-labs": [
          "network-control-plane-model",
          "network-labs"
        ],
        "nixpkgs": [
          "network-control-plane-model",
          "nixpkgs"
        ],
        "nixpkgs-network": "nixpkgs-network_2"
      },
      "locked": {
        "lastModified": 1782918426,
        "narHash": "sha256-TgxfGxmc0M9ZcmNFAIAG80ThwwpxwDtK5E4g2D7Hcxw=",
        "owner": "esp0xdeadbeef",
        "repo": "network-forwarding-model",
        "rev": "7424e48b67c6eb941b609d8b8aaa7d1387392b35",
        "type": "github"
      },
      "original": {
        "owner": "esp0xdeadbeef",
        "ref": "main",
        "repo": "network-forwarding-model",
        "type": "github"
      }
    },
    "network-labs": {
      "locked": {
        "lastModified": 1782918377,
        "narHash": "sha256-tPXe+1njD18cTop2fEBtiRO3RWF7u3HNZ0Px5dbrhlw=",
        "owner": "esp0xdeadbeef",
        "repo": "network-labs",
        "rev": "8854bcdc8995e6eac5b15e55b2e9688e725a30e9",
        "type": "github"
      },
      "original": {
        "owner": "esp0xdeadbeef",
        "ref": "main",
        "repo": "network-labs",
        "type": "github"
      }
    },
    "nixpkgs": {
      "locked": {
        "lastModified": 1782467914,
        "narHash": "sha256-pGvFkM8N0xEkIIXDe5YYfbEAvHrk4IxBrjB/x8OomhE=",
        "owner": "NixOS",
        "repo": "nixpkgs",
        "rev": "e73de5be04e0eff4190a1432b946d469c794e7b4",
        "type": "github"
      },
      "original": {
        "owner": "NixOS",
        "ref": "nixos-unstable",
        "repo": "nixpkgs",
        "type": "github"
      }
    },
    "nixpkgs-network": {
      "locked": {
        "lastModified": 1722112448,
        "narHash": "sha256-Ugp/K1wA7N0u0xE27YP/fvFaZqK9dYKSjJ/OoTdQ7rc=",
        "owner": "NixOS",
        "repo": "nixpkgs",
        "rev": "ac56c456ebe4901c561d3ebf1c98fbd970aea753",
        "type": "github"
      },
      "original": {
        "owner": "NixOS",
        "repo": "nixpkgs",
        "rev": "ac56c456ebe4901c561d3ebf1c98fbd970aea753",
        "type": "github"
      }
    },
    "nixpkgs-network_2": {
      "locked": {
        "lastModified": 1722112448,
        "narHash": "sha256-Ugp/K1wA7N0u0xE27YP/fvFaZqK9dYKSjJ/OoTdQ7rc=",
        "owner": "NixOS",
        "repo": "nixpkgs",
        "rev": "ac56c456ebe4901c561d3ebf1c98fbd970aea753",
        "type": "github"
      },
      "original": {
        "owner": "NixOS",
        "repo": "nixpkgs",
        "rev": "ac56c456ebe4901c561d3ebf1c98fbd970aea753",
        "type": "github"
      }
    },
    "nixpkgs-network_3": {
      "locked": {
        "lastModified": 1722112448,
        "narHash": "sha256-Ugp/K1wA7N0u0xE27YP/fvFaZqK9dYKSjJ/OoTdQ7rc=",
        "owner": "NixOS",
        "repo": "nixpkgs",
        "rev": "ac56c456ebe4901c561d3ebf1c98fbd970aea753",
        "type": "github"
      },
      "original": {
        "owner": "NixOS",
        "repo": "nixpkgs",
        "rev": "ac56c456ebe4901c561d3ebf1c98fbd970aea753",
        "type": "github"
      }
    },
    "root": {
      "inputs": {
        "network-control-plane-model": "network-control-plane-model",
        "nixpkgs": "nixpkgs"
      }
    }
  },
  "root": "root",
  "version": 7
}
